// !$*UTF8*$!
{
	archiveVersion = 1;
	classes = {
	};
	objectVersion = 56;
	objects = {

/* Begin PBXBuildFile section */
		EC1984B12AAD1AF900E9B68C /* DrawingBoardViewModel.swift in Sources */ = {isa = PBXBuildFile; fileRef = EC1984B02AAD1AF900E9B68C /* DrawingBoardViewModel.swift */; };
		EC1F80532AADE0210052CAC2 /* DrawingBoardViewModelTests.swift in Sources */ = {isa = PBXBuildFile; fileRef = EC1F80522AADE0210052CAC2 /* DrawingBoardViewModelTests.swift */; };
		ECFB26CF2AA9224100BF88C3 /* AppDelegate.swift in Sources */ = {isa = PBXBuildFile; fileRef = ECFB26CE2AA9224100BF88C3 /* AppDelegate.swift */; };
		ECFB26D12AA9224100BF88C3 /* SceneDelegate.swift in Sources */ = {isa = PBXBuildFile; fileRef = ECFB26D02AA9224100BF88C3 /* SceneDelegate.swift */; };
		ECFB26D32AA9224100BF88C3 /* DrawingBoardViewController.swift in Sources */ = {isa = PBXBuildFile; fileRef = ECFB26D22AA9224100BF88C3 /* DrawingBoardViewController.swift */; };
		ECFB26D62AA9224100BF88C3 /* Main.storyboard in Resources */ = {isa = PBXBuildFile; fileRef = ECFB26D42AA9224100BF88C3 /* Main.storyboard */; };
		ECFB26D82AA9224300BF88C3 /* Assets.xcassets in Resources */ = {isa = PBXBuildFile; fileRef = ECFB26D72AA9224300BF88C3 /* Assets.xcassets */; };
		ECFB26DB2AA9224300BF88C3 /* LaunchScreen.storyboard in Resources */ = {isa = PBXBuildFile; fileRef = ECFB26D92AA9224300BF88C3 /* LaunchScreen.storyboard */; };
		ECFB26E62AA9224300BF88C3 /* DILTaskTests.swift in Sources */ = {isa = PBXBuildFile; fileRef = ECFB26E52AA9224300BF88C3 /* DILTaskTests.swift */; };
		ECFB26F02AA9224300BF88C3 /* DILTaskUITests.swift in Sources */ = {isa = PBXBuildFile; fileRef = ECFB26EF2AA9224300BF88C3 /* DILTaskUITests.swift */; };
		ECFB26F22AA9224300BF88C3 /* DILTaskUITestsLaunchTests.swift in Sources */ = {isa = PBXBuildFile; fileRef = ECFB26F12AA9224300BF88C3 /* DILTaskUITestsLaunchTests.swift */; };
/* End PBXBuildFile section */

/* Begin PBXContainerItemProxy section */
		ECFB26E22AA9224300BF88C3 /* PBXContainerItemProxy */ = {
			isa = PBXContainerItemProxy;
			containerPortal = ECFB26C32AA9224100BF88C3 /* Project object */;
			proxyType = 1;
			remoteGlobalIDString = ECFB26CA2AA9224100BF88C3;
			remoteInfo = DILTask;
		};
		ECFB26EC2AA9224300BF88C3 /* PBXContainerItemProxy */ = {
			isa = PBXContainerItemProxy;
			containerPortal = ECFB26C32AA9224100BF88C3 /* Project object */;
			proxyType = 1;
			remoteGlobalIDString = ECFB26CA2AA9224100BF88C3;
			remoteInfo = DILTask;
		};
/* End PBXContainerItemProxy section */

/* Begin PBXFileReference section */
		EC1984B02AAD1AF900E9B68C /* DrawingBoardViewModel.swift */ = {isa = PBXFileReference; lastKnownFileType = sourcecode.swift; path = DrawingBoardViewModel.swift; sourceTree = "<group>"; };
		EC1F80522AADE0210052CAC2 /* DrawingBoardViewModelTests.swift */ = {isa = PBXFileReference; lastKnownFileType = sourcecode.swift; path = DrawingBoardViewModelTests.swift; sourceTree = "<group>"; };
		ECFB26CB2AA9224100BF88C3 /* DILTask.app */ = {isa = PBXFileReference; explicitFileType = wrapper.application; includeInIndex = 0; path = DILTask.app; sourceTree = BUILT_PRODUCTS_DIR; };
		ECFB26CE2AA9224100BF88C3 /* AppDelegate.swift */ = {isa = PBXFileReference; lastKnownFileType = sourcecode.swift; path = AppDelegate.swift; sourceTree = "<group>"; };
		ECFB26D02AA9224100BF88C3 /* SceneDelegate.swift */ = {isa = PBXFileReference; lastKnownFileType = sourcecode.swift; path = SceneDelegate.swift; sourceTree = "<group>"; };
		ECFB26D22AA9224100BF88C3 /* DrawingBoardViewController.swift */ = {isa = PBXFileReference; lastKnownFileType = sourcecode.swift; path = DrawingBoardViewController.swift; sourceTree = "<group>"; };
		ECFB26D52AA9224100BF88C3 /* Base */ = {isa = PBXFileReference; lastKnownFileType = file.storyboard; name = Base; path = Base.lproj/Main.storyboard; sourceTree = "<group>"; };
		ECFB26D72AA9224300BF88C3 /* Assets.xcassets */ = {isa = PBXFileReference; lastKnownFileType = folder.assetcatalog; path = Assets.xcassets; sourceTree = "<group>"; };
		ECFB26DA2AA9224300BF88C3 /* Base */ = {isa = PBXFileReference; lastKnownFileType = file.storyboard; name = Base; path = Base.lproj/LaunchScreen.storyboard; sourceTree = "<group>"; };
		ECFB26DC2AA9224300BF88C3 /* Info.plist */ = {isa = PBXFileReference; lastKnownFileType = text.plist.xml; path = Info.plist; sourceTree = "<group>"; };
		ECFB26E12AA9224300BF88C3 /* DILTaskTests.xctest */ = {isa = PBXFileReference; explicitFileType = wrapper.cfbundle; includeInIndex = 0; path = DILTaskTests.xctest; sourceTree = BUILT_PRODUCTS_DIR; };
		ECFB26E52AA9224300BF88C3 /* DILTaskTests.swift */ = {isa = PBXFileReference; lastKnownFileType = sourcecode.swift; path = DILTaskTests.swift; sourceTree = "<group>"; };
		ECFB26EB2AA9224300BF88C3 /* DILTaskUITests.xctest */ = {isa = PBXFileReference; explicitFileType = wrapper.cfbundle; includeInIndex = 0; path = DILTaskUITests.xctest; sourceTree = BUILT_PRODUCTS_DIR; };
		ECFB26EF2AA9224300BF88C3 /* DILTaskUITests.swift */ = {isa = PBXFileReference; lastKnownFileType = sourcecode.swift; path = DILTaskUITests.swift; sourceTree = "<group>"; };
		ECFB26F12AA9224300BF88C3 /* DILTaskUITestsLaunchTests.swift */ = {isa = PBXFileReference; lastKnownFileType = sourcecode.swift; path = DILTaskUITestsLaunchTests.swift; sourceTree = "<group>"; };
/* End PBXFileReference section */

/* Begin PBXFrameworksBuildPhase section */
		ECFB26C82AA9224100BF88C3 /* Frameworks */ = {
			isa = PBXFrameworksBuildPhase;
			buildActionMask = 2147483647;
			files = (
			);
			runOnlyForDeploymentPostprocessing = 0;
		};
		ECFB26DE2AA9224300BF88C3 /* Frameworks */ = {
			isa = PBXFrameworksBuildPhase;
			buildActionMask = 2147483647;
			files = (
			);
			runOnlyForDeploymentPostprocessing = 0;
		};
		ECFB26E82AA9224300BF88C3 /* Frameworks */ = {
			isa = PBXFrameworksBuildPhase;
			buildActionMask = 2147483647;
			files = (
			);
			runOnlyForDeploymentPostprocessing = 0;
		};
/* End PBXFrameworksBuildPhase section */

/* Begin PBXGroup section */
		ECFB26C22AA9224100BF88C3 = {
			isa = PBXGroup;
			children = (
				ECFB26CD2AA9224100BF88C3 /* DILTask */,
				ECFB26E42AA9224300BF88C3 /* DILTaskTests */,
				ECFB26EE2AA9224300BF88C3 /* DILTaskUITests */,
				ECFB26CC2AA9224100BF88C3 /* Products */,
			);
			sourceTree = "<group>";
		};
		ECFB26CC2AA9224100BF88C3 /* Products */ = {
			isa = PBXGroup;
			children = (
				ECFB26CB2AA9224100BF88C3 /* DILTask.app */,
				ECFB26E12AA9224300BF88C3 /* DILTaskTests.xctest */,
				ECFB26EB2AA9224300BF88C3 /* DILTaskUITests.xctest */,
			);
			name = Products;
			sourceTree = "<group>";
		};
		ECFB26CD2AA9224100BF88C3 /* DILTask */ = {
			isa = PBXGroup;
			children = (
				ECFB26CE2AA9224100BF88C3 /* AppDelegate.swift */,
				ECFB26D02AA9224100BF88C3 /* SceneDelegate.swift */,
				ECFB26D22AA9224100BF88C3 /* DrawingBoardViewController.swift */,
				EC1984B02AAD1AF900E9B68C /* DrawingBoardViewModel.swift */,
				ECFB26D42AA9224100BF88C3 /* Main.storyboard */,
				ECFB26D72AA9224300BF88C3 /* Assets.xcassets */,
				ECFB26D92AA9224300BF88C3 /* LaunchScreen.storyboard */,
				ECFB26DC2AA9224300BF88C3 /* Info.plist */,
			);
			path = DILTask;
			sourceTree = "<group>";
		};
		ECFB26E42AA9224300BF88C3 /* DILTaskTests */ = {
			isa = PBXGroup;
			children = (
				ECFB26E52AA9224300BF88C3 /* DILTaskTests.swift */,
				EC1F80522AADE0210052CAC2 /* DrawingBoardViewModelTests.swift */,
			);
			path = DILTaskTests;
			sourceTree = "<group>";
		};
		ECFB26EE2AA9224300BF88C3 /* DILTaskUITests */ = {
			isa = PBXGroup;
			children = (
				ECFB26EF2AA9224300BF88C3 /* DILTaskUITests.swift */,
				ECFB26F12AA9224300BF88C3 /* DILTaskUITestsLaunchTests.swift */,
			);
			path = DILTaskUITests;
			sourceTree = "<group>";
		};
/* End PBXGroup section */

/* Begin PBXNativeTarget section */
		ECFB26CA2AA9224100BF88C3 /* DILTask */ = {
			isa = PBXNativeTarget;
			buildConfigurationList = ECFB26F52AA9224300BF88C3 /* Build configuration list for PBXNativeTarget "DILTask" */;
			buildPhases = (
				ECFB26C72AA9224100BF88C3 /* Sources */,
				ECFB26C82AA9224100BF88C3 /* Frameworks */,
				ECFB26C92AA9224100BF88C3 /* Resources */,
			);
			buildRules = (
			);
			dependencies = (
			);
			name = DILTask;
			productName = DILTask;
			productReference = ECFB26CB2AA9224100BF88C3 /* DILTask.app */;
			productType = "com.apple.product-type.application";
		};
		ECFB26E02AA9224300BF88C3 /* DILTaskTests */ = {
			isa = PBXNativeTarget;
			buildConfigurationList = ECFB26F82AA9224300BF88C3 /* Build configuration list for PBXNativeTarget "DILTaskTests" */;
			buildPhases = (
				ECFB26DD2AA9224300BF88C3 /* Sources */,
				ECFB26DE2AA9224300BF88C3 /* Frameworks */,
				ECFB26DF2AA9224300BF88C3 /* Resources */,
			);
			buildRules = (
			);
			dependencies = (
				ECFB26E32AA9224300BF88C3 /* PBXTargetDependency */,
			);
			name = DILTaskTests;
			productName = DILTaskTests;
			productReference = ECFB26E12AA9224300BF88C3 /* DILTaskTests.xctest */;
			productType = "com.apple.product-type.bundle.unit-test";
		};
		ECFB26EA2AA9224300BF88C3 /* DILTaskUITests */ = {
			isa = PBXNativeTarget;
			buildConfigurationList = ECFB26FB2AA9224300BF88C3 /* Build configuration list for PBXNativeTarget "DILTaskUITests" */;
			buildPhases = (
				ECFB26E72AA9224300BF88C3 /* Sources */,
				ECFB26E82AA9224300BF88C3 /* Frameworks */,
				ECFB26E92AA9224300BF88C3 /* Resources */,
			);
			buildRules = (
			);
			dependencies = (
				ECFB26ED2AA9224300BF88C3 /* PBXTargetDependency */,
			);
			name = DILTaskUITests;
			productName = DILTaskUITests;
			productReference = ECFB26EB2AA9224300BF88C3 /* DILTaskUITests.xctest */;
			productType = "com.apple.product-type.bundle.ui-testing";
		};
/* End PBXNativeTarget section */

/* Begin PBXProject section */
		ECFB26C32AA9224100BF88C3 /* Project object */ = {
			isa = PBXProject;
			attributes = {
				BuildIndependentTargetsInParallel = 1;
				LastSwiftUpdateCheck = 1430;
				LastUpgradeCheck = 1430;
				TargetAttributes = {
					ECFB26CA2AA9224100BF88C3 = {
						CreatedOnToolsVersion = 14.3.1;
					};
					ECFB26E02AA9224300BF88C3 = {
						CreatedOnToolsVersion = 14.3.1;
						TestTargetID = ECFB26CA2AA9224100BF88C3;
					};
					ECFB26EA2AA9224300BF88C3 = {
						CreatedOnToolsVersion = 14.3.1;
						TestTargetID = ECFB26CA2AA9224100BF88C3;
					};
				};
			};
			buildConfigurationList = ECFB26C62AA9224100BF88C3 /* Build configuration list for PBXProject "DILTask" */;
			compatibilityVersion = "Xcode 14.0";
			developmentRegion = en;
			hasScannedForEncodings = 0;
			knownRegions = (
				en,
				Base,
			);
			mainGroup = ECFB26C22AA9224100BF88C3;
			productRefGroup = ECFB26CC2AA9224100BF88C3 /* Products */;
			projectDirPath = "";
			projectRoot = "";
			targets = (
				ECFB26CA2AA9224100BF88C3 /* DILTask */,
				ECFB26E02AA9224300BF88C3 /* DILTaskTests */,
				ECFB26EA2AA9224300BF88C3 /* DILTaskUITests */,
			);
		};
/* End PBXProject section */

/* Begin PBXResourcesBuildPhase section */
		ECFB26C92AA9224100BF88C3 /* Resources */ = {
			isa = PBXResourcesBuildPhase;
			buildActionMask = 2147483647;
			files = (
				ECFB26DB2AA9224300BF88C3 /* LaunchScreen.storyboard in Resources */,
				ECFB26D82AA9224300BF88C3 /* Assets.xcassets in Resources */,
				ECFB26D62AA9224100BF88C3 /* Main.storyboard in Resources */,
			);
			runOnlyForDeploymentPostprocessing = 0;
		};
		ECFB26DF2AA9224300BF88C3 /* Resources */ = {
			isa = PBXResourcesBuildPhase;
			buildActionMask = 2147483647;
			files = (
			);
			runOnlyForDeploymentPostprocessing = 0;
		};
		ECFB26E92AA9224300BF88C3 /* Resources */ = {
			isa = PBXResourcesBuildPhase;
			buildActionMask = 2147483647;
			files = (
			);
			runOnlyForDeploymentPostprocessing = 0;
		};
/* End PBXResourcesBuildPhase section */

/* Begin PBXSourcesBuildPhase section */
		ECFB26C72AA9224100BF88C3 /* Sources */ = {
			isa = PBXSourcesBuildPhase;
			buildActionMask = 2147483647;
			files = (
				ECFB26D32AA9224100BF88C3 /* DrawingBoardViewController.swift in Sources */,
				EC1984B12AAD1AF900E9B68C /* DrawingBoardViewModel.swift in Sources */,
				ECFB26CF2AA9224100BF88C3 /* AppDelegate.swift in Sources */,
				ECFB26D12AA9224100BF88C3 /* SceneDelegate.swift in Sources */,
			);
			runOnlyForDeploymentPostprocessing = 0;
		};
		ECFB26DD2AA9224300BF88C3 /* Sources */ = {
			isa = PBXSourcesBuildPhase;
			buildActionMask = 2147483647;
			files = (
				ECFB26E62AA9224300BF88C3 /* DILTaskTests.swift in Sources */,
				EC1F80532AADE0210052CAC2 /* DrawingBoardViewModelTests.swift in Sources */,
			);
			runOnlyForDeploymentPostprocessing = 0;
		};
		ECFB26E72AA9224300BF88C3 /* Sources */ = {
			isa = PBXSourcesBuildPhase;
			buildActionMask = 2147483647;
			files = (
				ECFB26F02AA9224300BF88C3 /* DILTaskUITests.swift in Sources */,
				ECFB26F22AA9224300BF88C3 /* DILTaskUITestsLaunchTests.swift in Sources */,
			);
			runOnlyForDeploymentPostprocessing = 0;
		};
/* End PBXSourcesBuildPhase section */

/* Begin PBXTargetDependency section */
		ECFB26E32AA9224300BF88C3 /* PBXTargetDependency */ = {
			isa = PBXTargetDependency;
			target = ECFB26CA2AA9224100BF88C3 /* DILTask */;
			targetProxy = ECFB26E22AA9224300BF88C3 /* PBXContainerItemProxy */;
		};
		ECFB26ED2AA9224300BF88C3 /* PBXTargetDependency */ = {
			isa = PBXTargetDependency;
			target = ECFB26CA2AA9224100BF88C3 /* DILTask */;
			targetProxy = ECFB26EC2AA9224300BF88C3 /* PBXContainerItemProxy */;
		};
/* End PBXTargetDependency section */

/* Begin PBXVariantGroup section */
		ECFB26D42AA9224100BF88C3 /* Main.storyboard */ = {
			isa = PBXVariantGroup;
			children = (
				ECFB26D52AA9224100BF88C3 /* Base */,
			);
			name = Main.storyboard;
			sourceTree = "<group>";
		};
		ECFB26D92AA9224300BF88C3 /* LaunchScreen.storyboard */ = {
			isa = PBXVariantGroup;
			children = (
				ECFB26DA2AA9224300BF88C3 /* Base */,
			);
			name = LaunchScreen.storyboard;
			sourceTree = "<group>";
		};
/* End PBXVariantGroup section */

/* Begin XCBuildConfiguration section */
		ECFB26F32AA9224300BF88C3 /* Debug */ = {
			isa = XCBuildConfiguration;
			buildSettings = {
				ALWAYS_SEARCH_USER_PATHS = NO;
				CLANG_ANALYZER_NONNULL = YES;
				CLANG_ANALYZER_NUMBER_OBJECT_CONVERSION = YES_AGGRESSIVE;
				CLANG_CXX_LANGUAGE_STANDARD = "gnu++20";
				CLANG_ENABLE_MODULES = YES;
				CLANG_ENABLE_OBJC_ARC = YES;
				CLANG_ENABLE_OBJC_WEAK = YES;
				CLANG_WARN_BLOCK_CAPTURE_AUTORELEASING = YES;
				CLANG_WARN_BOOL_CONVERSION = YES;
				CLANG_WARN_COMMA = YES;
				CLANG_WARN_CONSTANT_CONVERSION = YES;
				CLANG_WARN_DEPRECATED_OBJC_IMPLEMENTATIONS = YES;
				CLANG_WARN_DIRECT_OBJC_ISA_USAGE = YES_ERROR;
				CLANG_WARN_DOCUMENTATION_COMMENTS = YES;
				CLANG_WARN_EMPTY_BODY = YES;
				CLANG_WARN_ENUM_CONVERSION = YES;
				CLANG_WARN_INFINITE_RECURSION = YES;
				CLANG_WARN_INT_CONVERSION = YES;
				CLANG_WARN_NON_LITERAL_NULL_CONVERSION = YES;
				CLANG_WARN_OBJC_IMPLICIT_RETAIN_SELF = YES;
				CLANG_WARN_OBJC_LITERAL_CONVERSION = YES;
				CLANG_WARN_OBJC_ROOT_CLASS = YES_ERROR;
				CLANG_WARN_QUOTED_INCLUDE_IN_FRAMEWORK_HEADER = YES;
				CLANG_WARN_RANGE_LOOP_ANALYSIS = YES;
				CLANG_WARN_STRICT_PROTOTYPES = YES;
				CLANG_WARN_SUSPICIOUS_MOVE = YES;
				CLANG_WARN_UNGUARDED_AVAILABILITY = YES_AGGRESSIVE;
				CLANG_WARN_UNREACHABLE_CODE = YES;
				CLANG_WARN__DUPLICATE_METHOD_MATCH = YES;
				COPY_PHASE_STRIP = NO;
				DEBUG_INFORMATION_FORMAT = dwarf;
				ENABLE_STRICT_OBJC_MSGSEND = YES;
				ENABLE_TESTABILITY = YES;
				GCC_C_LANGUAGE_STANDARD = gnu11;
				GCC_DYNAMIC_NO_PIC = NO;
				GCC_NO_COMMON_BLOCKS = YES;
				GCC_OPTIMIZATION_LEVEL = 0;
				GCC_PREPROCESSOR_DEFINITIONS = (
					"DEBUG=1",
					"$(inherited)",
				);
				GCC_WARN_64_TO_32_BIT_CONVERSION = YES;
				GCC_WARN_ABOUT_RETURN_TYPE = YES_ERROR;
				GCC_WARN_UNDECLARED_SELECTOR = YES;
				GCC_WARN_UNINITIALIZED_AUTOS = YES_AGGRESSIVE;
				GCC_WARN_UNUSED_FUNCTION = YES;
				GCC_WARN_UNUSED_VARIABLE = YES;
				IPHONEOS_DEPLOYMENT_TARGET = 16.4;
				MTL_ENABLE_DEBUG_INFO = INCLUDE_SOURCE;
				MTL_FAST_MATH = YES;
				ONLY_ACTIVE_ARCH = YES;
				SDKROOT = iphoneos;
				SWIFT_ACTIVE_COMPILATION_CONDITIONS = DEBUG;
				SWIFT_OPTIMIZATION_LEVEL = "-Onone";
			};
			name = Debug;
		};
		ECFB26F42AA9224300BF88C3 /* Release */ = {
			isa = XCBuildConfiguration;
			buildSettings = {
				ALWAYS_SEARCH_USER_PATHS = NO;
				CLANG_ANALYZER_NONNULL = YES;
				CLANG_ANALYZER_NUMBER_OBJECT_CONVERSION = YES_AGGRESSIVE;
				CLANG_CXX_LANGUAGE_STANDARD = "gnu++20";
				CLANG_ENABLE_MODULES = YES;
				CLANG_ENABLE_OBJC_ARC = YES;
				CLANG_ENABLE_OBJC_WEAK = YES;
				CLANG_WARN_BLOCK_CAPTURE_AUTORELEASING = YES;
				CLANG_WARN_BOOL_CONVERSION = YES;
				CLANG_WARN_COMMA = YES;
				CLANG_WARN_CONSTANT_CONVERSION = YES;
				CLANG_WARN_DEPRECATED_OBJC_IMPLEMENTATIONS = YES;
				CLANG_WARN_DIRECT_OBJC_ISA_USAGE = YES_ERROR;
				CLANG_WARN_DOCUMENTATION_COMMENTS = YES;
				CLANG_WARN_EMPTY_BODY = YES;
				CLANG_WARN_ENUM_CONVERSION = YES;
				CLANG_WARN_INFINITE_RECURSION = YES;
				CLANG_WARN_INT_CONVERSION = YES;
				CLANG_WARN_NON_LITERAL_NULL_CONVERSION = YES;
				CLANG_WARN_OBJC_IMPLICIT_RETAIN_SELF = YES;
				CLANG_WARN_OBJC_LITERAL_CONVERSION = YES;
				CLANG_WARN_OBJC_ROOT_CLASS = YES_ERROR;
				CLANG_WARN_QUOTED_INCLUDE_IN_FRAMEWORK_HEADER = YES;
				CLANG_WARN_RANGE_LOOP_ANALYSIS = YES;
				CLANG_WARN_STRICT_PROTOTYPES = YES;
				CLANG_WARN_SUSPICIOUS_MOVE = YES;
				CLANG_WARN_UNGUARDED_AVAILABILITY = YES_AGGRESSIVE;
				CLANG_WARN_UNREACHABLE_CODE = YES;
				CLANG_WARN__DUPLICATE_METHOD_MATCH = YES;
				COPY_PHASE_STRIP = NO;
				DEBUG_INFORMATION_FORMAT = "dwarf-with-dsym";
				ENABLE_NS_ASSERTIONS = NO;
				ENABLE_STRICT_OBJC_MSGSEND = YES;
				GCC_C_LANGUAGE_STANDARD = gnu11;
				GCC_NO_COMMON_BLOCKS = YES;
				GCC_WARN_64_TO_32_BIT_CONVERSION = YES;
				GCC_WARN_ABOUT_RETURN_TYPE = YES_ERROR;
				GCC_WARN_UNDECLARED_SELECTOR = YES;
				GCC_WARN_UNINITIALIZED_AUTOS = YES_AGGRESSIVE;
				GCC_WARN_UNUSED_FUNCTION = YES;
				GCC_WARN_UNUSED_VARIABLE = YES;
				IPHONEOS_DEPLOYMENT_TARGET = 16.4;
				MTL_ENABLE_DEBUG_INFO = NO;
				MTL_FAST_MATH = YES;
				SDKROOT = iphoneos;
				SWIFT_COMPILATION_MODE = wholemodule;
				SWIFT_OPTIMIZATION_LEVEL = "-O";
				VALIDATE_PRODUCT = YES;
			};
			name = Release;
		};
		ECFB26F62AA9224300BF88C3 /* Debug */ = {
			isa = XCBuildConfiguration;
			buildSettings = {
				ASSETCATALOG_COMPILER_APPICON_NAME = AppIcon;
				ASSETCATALOG_COMPILER_GLOBAL_ACCENT_COLOR_NAME = AccentColor;
				CODE_SIGN_STYLE = Automatic;
				CURRENT_PROJECT_VERSION = 1;
				GENERATE_INFOPLIST_FILE = YES;
				INFOPLIST_FILE = DILTask/Info.plist;
				INFOPLIST_KEY_UIApplicationSupportsIndirectInputEvents = YES;
				INFOPLIST_KEY_UILaunchStoryboardName = LaunchScreen;
				INFOPLIST_KEY_UIMainStoryboardFile = Main;
				INFOPLIST_KEY_UISupportedInterfaceOrientations_iPad = "UIInterfaceOrientationPortrait UIInterfaceOrientationPortraitUpsideDown UIInterfaceOrientationLandscapeLeft UIInterfaceOrientationLandscapeRight";
				INFOPLIST_KEY_UISupportedInterfaceOrientations_iPhone = "UIInterfaceOrientationPortrait UIInterfaceOrientationLandscapeLeft UIInterfaceOrientationLandscapeRight";
				LD_RUNPATH_SEARCH_PATHS = (
					"$(inherited)",
					"@executable_path/Frameworks",
				);
				MARKETING_VERSION = 1.0;
				PRODUCT_BUNDLE_IDENTIFIER = com.ahd.DILTask;
				PRODUCT_NAME = "$(TARGET_NAME)";
				SWIFT_EMIT_LOC_STRINGS = YES;
				SWIFT_VERSION = 5.0;
				TARGETED_DEVICE_FAMILY = "1,2";
			};
			name = Debug;
		};
		ECFB26F72AA9224300BF88C3 /* Release */ = {
			isa = XCBuildConfiguration;
			buildSettings = {
				ASSETCATALOG_COMPILER_APPICON_NAME = AppIcon;
				ASSETCATALOG_COMPILER_GLOBAL_ACCENT_COLOR_NAME = AccentColor;
				CODE_SIGN_STYLE = Automatic;
				CURRENT_PROJECT_VERSION = 1;
				GENERATE_INFOPLIST_FILE = YES;
				INFOPLIST_FILE = DILTask/Info.plist;
				INFOPLIST_KEY_UIApplicationSupportsIndirectInputEvents = YES;
				INFOPLIST_KEY_UILaunchStoryboardName = LaunchScreen;
				INFOPLIST_KEY_UIMainStoryboardFile = Main;
				INFOPLIST_KEY_UISupportedInterfaceOrientations_iPad = "UIInterfaceOrientationPortrait UIInterfaceOrientationPortraitUpsideDown UIInterfaceOrientationLandscapeLeft UIInterfaceOrientationLandscapeRight";
				INFOPLIST_KEY_UISupportedInterfaceOrientations_iPhone = "UIInterfaceOrientationPortrait UIInterfaceOrientationLandscapeLeft UIInterfaceOrientationLandscapeRight";
				LD_RUNPATH_SEARCH_PATHS = (
					"$(inherited)",
					"@executable_path/Frameworks",
				);
				MARKETING_VERSION = 1.0;
				PRODUCT_BUNDLE_IDENTIFIER = com.ahd.DILTask;
				PRODUCT_NAME = "$(TARGET_NAME)";
				SWIFT_EMIT_LOC_STRINGS = YES;
				SWIFT_VERSION = 5.0;
				TARGETED_DEVICE_FAMILY = "1,2";
			};
			name = Release;
		};
		ECFB26F92AA9224300BF88C3 /* Debug */ = {
			isa = XCBuildConfiguration;
			buildSettings = {
				ALWAYS_EMBED_SWIFT_STANDARD_LIBRARIES = YES;
				BUNDLE_LOADER = "$(TEST_HOST)";
				CODE_SIGN_STYLE = Automatic;
				CURRENT_PROJECT_VERSION = 1;
				GENERATE_INFOPLIST_FILE = YES;
				IPHONEOS_DEPLOYMENT_TARGET = 16.4;
				MARKETING_VERSION = 1.0;
				PRODUCT_BUNDLE_IDENTIFIER = com.ahd.DILTaskTests;
				PRODUCT_NAME = "$(TARGET_NAME)";
				SWIFT_EMIT_LOC_STRINGS = NO;
				SWIFT_VERSION = 5.0;
				TARGETED_DEVICE_FAMILY = "1,2";
				TEST_HOST = "$(BUILT_PRODUCTS_DIR)/DILTask.app/$(BUNDLE_EXECUTABLE_FOLDER_PATH)/DILTask";
			};
			name = Debug;
		};
		ECFB26FA2AA9224300BF88C3 /* Release */ = {
			isa = XCBuildConfiguration;
			buildSettings = {
				ALWAYS_EMBED_SWIFT_STANDARD_LIBRARIES = YES;
				BUNDLE_LOADER = "$(TEST_HOST)";
				CODE_SIGN_STYLE = Automatic;
				CURRENT_PROJECT_VERSION = 1;
				GENERATE_INFOPLIST_FILE = YES;
				IPHONEOS_DEPLOYMENT_TARGET = 16.4;
				MARKETING_VERSION = 1.0;
				PRODUCT_BUNDLE_IDENTIFIER = com.ahd.DILTaskTests;
				PRODUCT_NAME = "$(TARGET_NAME)";
				SWIFT_EMIT_LOC_STRINGS = NO;
				SWIFT_VERSION = 5.0;
				TARGETED_DEVICE_FAMILY = "1,2";
				TEST_HOST = "$(BUILT_PRODUCTS_DIR)/DILTask.app/$(BUNDLE_EXECUTABLE_FOLDER_PATH)/DILTask";
			};
			name = Release;
		};
		ECFB26FC2AA9224300BF88C3 /* Debug */ = {
			isa = XCBuildConfiguration;
			buildSettings = {
				ALWAYS_EMBED_SWIFT_STANDARD_LIBRARIES = YES;
				CODE_SIGN_STYLE = Automatic;
				CURRENT_PROJECT_VERSION = 1;
				GENERATE_INFOPLIST_FILE = YES;
				MARKETING_VERSION = 1.0;
				PRODUCT_BUNDLE_IDENTIFIER = com.ahd.DILTaskUITests;
				PRODUCT_NAME = "$(TARGET_NAME)";
				SWIFT_EMIT_LOC_STRINGS = NO;
				SWIFT_VERSION = 5.0;
				TARGETED_DEVICE_FAMILY = "1,2";
				TEST_TARGET_NAME = DILTask;
			};
			name = Debug;
		};
		ECFB26FD2AA9224300BF88C3 /* Release */ = {
			isa = XCBuildConfiguration;
			buildSettings = {
				ALWAYS_EMBED_SWIFT_STANDARD_LIBRARIES = YES;
				CODE_SIGN_STYLE = Automatic;
				CURRENT_PROJECT_VERSION = 1;
				GENERATE_INFOPLIST_FILE = YES;
				MARKETING_VERSION = 1.0;
				PRODUCT_BUNDLE_IDENTIFIER = com.ahd.DILTaskUITests;
				PRODUCT_NAME = "$(TARGET_NAME)";
				SWIFT_EMIT_LOC_STRINGS = NO;
				SWIFT_VERSION = 5.0;
				TARGETED_DEVICE_FAMILY = "1,2";
				TEST_TARGET_NAME = DILTask;
			};
			name = Release;
		};
/* End XCBuildConfiguration section */

/* Begin XCConfigurationList section */
		ECFB26C62AA9224100BF88C3 /* Build configuration list for PBXProject "DILTask" */ = {
			isa = XCConfigurationList;
			buildConfigurations = (
				ECFB26F32AA9224300BF88C3 /* Debug */,
				ECFB26F42AA9224300BF88C3 /* Release */,
			);
			defaultConfigurationIsVisible = 0;
			defaultConfigurationName = Release;
		};
		ECFB26F52AA9224300BF88C3 /* Build configuration list for PBXNativeTarget "DILTask" */ = {
			isa = XCConfigurationList;
			buildConfigurations = (
				ECFB26F62AA9224300BF88C3 /* Debug */,
				ECFB26F72AA9224300BF88C3 /* Release */,
			);
			defaultConfigurationIsVisible = 0;
			defaultConfigurationName = Release;
		};
		ECFB26F82AA9224300BF88C3 /* Build configuration list for PBXNativeTarget "DILTaskTests" */ = {
			isa = XCConfigurationList;
			buildConfigurations = (
				ECFB26F92AA9224300BF88C3 /* Debug */,
				ECFB26FA2AA9224300BF88C3 /* Release */,
			);
			defaultConfigurationIsVisible = 0;
			defaultConfigurationName = Release;
		};
		ECFB26FB2AA9224300BF88C3 /* Build configuration list for PBXNativeTarget "DILTaskUITests" */ = {
			isa = XCConfigurationList;
			buildConfigurations = (
				ECFB26FC2AA9224300BF88C3 /* Debug */,
				ECFB26FD2AA9224300BF88C3 /* Release */,
			);
			defaultConfigurationIsVisible = 0;
			defaultConfigurationName = Release;
		};
/* End XCConfigurationList section */
	};
	rootObject = ECFB26C32AA9224100BF88C3 /* Project object */;
}
